
Microsoft Visual Studio Solution File, Format Version 12.00
# Visual Studio 15
VisualStudioVersion = 15.0.33026.149
MinimumVisualStudioVersion = 10.0.40219.1
Project("{FAE04EC0-301F-11D3-BF4B-00C04F79EFBC}") = "FinalYear", "FinalYear\FinalYear.csproj", "{C5501644-0BE3-42B0-8685-3B732B9A5A92}"
EndProject
Global
	GlobalSection(SolutionConfigurationPlatforms) = preSolution
		Debug|Any CPU = Debug|Any CPU
		Release|Any CPU = Release|Any CPU
	EndGlobalSection
	GlobalSection(ProjectConfigurationPlatforms) = postSolution
		{C5501644-0BE3-42B0-8685-3B732B9A5A92}.Debug|Any CPU.ActiveCfg = Debug|Any CPU
		{C5501644-0BE3-42B0-8685-3B732B9A5A92}.Debug|Any CPU.Build.0 = Debug|Any CPU
		{C5501644-0BE3-42B0-8685-3B732B9A5A92}.Release|Any CPU.ActiveCfg = Release|Any CPU
		{C5501644-0BE3-42B0-8685-3B732B9A5A92}.Release|Any CPU.Build.0 = Release|Any CPU
	EndGlobalSection
	GlobalSection(SolutionProperties) = preSolution
		HideSolutionNode = FALSE
	EndGlobalSection
	GlobalSection(ExtensibilityGlobals) = postSolution
		SolutionGuid = {804C692C-6249-436C-A6C3-69DCB0BBE454}
	EndGlobalSection
EndGlobal
